
Microsoft Visual Studio Solution File, Format Version 12.00
# Visual Studio 15
VisualStudioVersion = 15.0.28010.2046
MinimumVisualStudioVersion = 10.0.40219.1
Project("{8BC9CEB8-8B4A-11D0-8D11-00A0C91BC942}") = "FFmpegH264", "FFmpegCamera\FFmpegCamera.vcxproj", "{57BDB5AE-EBBE-49A7-9E74-29C632F79E9B}"
EndProject
Project("{8BC9CEB8-8B4A-11D0-8D11-00A0C91BC942}") = "FFmpegMjpeg", "FFmpegMjpeg\FFmpegMjpeg.vcxproj", "{280D0360-D141-48D4-8FEB-D343DD2B7F04}"
EndProject
Global
	GlobalSection(SolutionConfigurationPlatforms) = preSolution
		Debug|x64 = Debug|x64
		Debug|x86 = Debug|x86
		Release|x64 = Release|x64
		Release|x86 = Release|x86
	EndGlobalSection
	GlobalSection(ProjectConfigurationPlatforms) = postSolution
		{57BDB5AE-EBBE-49A7-9E74-29C632F79E9B}.Debug|x64.ActiveCfg = Debug|x64
		{57BDB5AE-EBBE-49A7-9E74-29C632F79E9B}.Debug|x64.Build.0 = Debug|x64
		{57BDB5AE-EBBE-49A7-9E74-29C632F79E9B}.Debug|x86.ActiveCfg = Debug|Win32
		{57BDB5AE-EBBE-49A7-9E74-29C632F79E9B}.Debug|x86.Build.0 = Debug|Win32
		{57BDB5AE-EBBE-49A7-9E74-29C632F79E9B}.Release|x64.ActiveCfg = Release|x64
		{57BDB5AE-EBBE-49A7-9E74-29C632F79E9B}.Release|x64.Build.0 = Release|x64
		{57BDB5AE-EBBE-49A7-9E74-29C632F79E9B}.Release|x86.ActiveCfg = Release|Win32
		{57BDB5AE-EBBE-49A7-9E74-29C632F79E9B}.Release|x86.Build.0 = Release|Win32
		{280D0360-D141-48D4-8FEB-D343DD2B7F04}.Debug|x64.ActiveCfg = Debug|x64
		{280D0360-D141-48D4-8FEB-D343DD2B7F04}.Debug|x64.Build.0 = Debug|x64
		{280D0360-D141-48D4-8FEB-D343DD2B7F04}.Debug|x86.ActiveCfg = Debug|Win32
		{280D0360-D141-48D4-8FEB-D343DD2B7F04}.Debug|x86.Build.0 = Debug|Win32
		{280D0360-D141-48D4-8FEB-D343DD2B7F04}.Release|x64.ActiveCfg = Release|x64
		{280D0360-D141-48D4-8FEB-D343DD2B7F04}.Release|x64.Build.0 = Release|x64
		{280D0360-D141-48D4-8FEB-D343DD2B7F04}.Release|x86.ActiveCfg = Release|Win32
		{280D0360-D141-48D4-8FEB-D343DD2B7F04}.Release|x86.Build.0 = Release|Win32
	EndGlobalSection
	GlobalSection(SolutionProperties) = preSolution
		HideSolutionNode = FALSE
	EndGlobalSection
	GlobalSection(ExtensibilityGlobals) = postSolution
		SolutionGuid = {F53DA936-5FB0-45C8-B56F-487C4F47C67A}
	EndGlobalSection
EndGlobal
